
Microsoft Visual Studio Solution File, Format Version 12.00
# Visual Studio 15
VisualStudioVersion = 15.0.27703.2018
MinimumVisualStudioVersion = 10.0.40219.1
Project("{8BC9CEB8-8B4A-11D0-8D11-00A0C91BC942}") = "c++入门03（复数重载）", "c++入门03（复数重载）\c++入门03（复数重载）.vcxproj", "{D702B88E-FEB3-4B50-B3E3-D77826AC14EA}"
EndProject
Global
	GlobalSection(SolutionConfigurationPlatforms) = preSolution
		Debug|x64 = Debug|x64
		Debug|x86 = Debug|x86
		Release|x64 = Release|x64
		Release|x86 = Release|x86
	EndGlobalSection
	GlobalSection(ProjectConfigurationPlatforms) = postSolution
		{D702B88E-FEB3-4B50-B3E3-D77826AC14EA}.Debug|x64.ActiveCfg = Debug|x64
		{D702B88E-FEB3-4B50-B3E3-D77826AC14EA}.Debug|x64.Build.0 = Debug|x64
		{D702B88E-FEB3-4B50-B3E3-D77826AC14EA}.Debug|x86.ActiveCfg = Debug|Win32
		{D702B88E-FEB3-4B50-B3E3-D77826AC14EA}.Debug|x86.Build.0 = Debug|Win32
		{D702B88E-FEB3-4B50-B3E3-D77826AC14EA}.Release|x64.ActiveCfg = Release|x64
		{D702B88E-FEB3-4B50-B3E3-D77826AC14EA}.Release|x64.Build.0 = Release|x64
		{D702B88E-FEB3-4B50-B3E3-D77826AC14EA}.Release|x86.ActiveCfg = Release|Win32
		{D702B88E-FEB3-4B50-B3E3-D77826AC14EA}.Release|x86.Build.0 = Release|Win32
	EndGlobalSection
	GlobalSection(SolutionProperties) = preSolution
		HideSolutionNode = FALSE
	EndGlobalSection
	GlobalSection(ExtensibilityGlobals) = postSolution
		SolutionGuid = {CD76BEBB-C99F-432A-B8B6-18839A53FB3E}
	EndGlobalSection
EndGlobal
