
Microsoft Visual Studio Solution File, Format Version 12.00
# Visual Studio 15
VisualStudioVersion = 15.0.27703.2018
MinimumVisualStudioVersion = 10.0.40219.1
Project("{8BC9CEB8-8B4A-11D0-8D11-00A0C91BC942}") = "c++入门06（多参数缺省值调用）", "c++入门06（多参数缺省值调用）\c++入门06（多参数缺省值调用）.vcxproj", "{0EEA491D-2BE2-4393-A86D-1E8B7D7B442D}"
EndProject
Global
	GlobalSection(SolutionConfigurationPlatforms) = preSolution
		Debug|x64 = Debug|x64
		Debug|x86 = Debug|x86
		Release|x64 = Release|x64
		Release|x86 = Release|x86
	EndGlobalSection
	GlobalSection(ProjectConfigurationPlatforms) = postSolution
		{0EEA491D-2BE2-4393-A86D-1E8B7D7B442D}.Debug|x64.ActiveCfg = Debug|x64
		{0EEA491D-2BE2-4393-A86D-1E8B7D7B442D}.Debug|x64.Build.0 = Debug|x64
		{0EEA491D-2BE2-4393-A86D-1E8B7D7B442D}.Debug|x86.ActiveCfg = Debug|Win32
		{0EEA491D-2BE2-4393-A86D-1E8B7D7B442D}.Debug|x86.Build.0 = Debug|Win32
		{0EEA491D-2BE2-4393-A86D-1E8B7D7B442D}.Release|x64.ActiveCfg = Release|x64
		{0EEA491D-2BE2-4393-A86D-1E8B7D7B442D}.Release|x64.Build.0 = Release|x64
		{0EEA491D-2BE2-4393-A86D-1E8B7D7B442D}.Release|x86.ActiveCfg = Release|Win32
		{0EEA491D-2BE2-4393-A86D-1E8B7D7B442D}.Release|x86.Build.0 = Release|Win32
	EndGlobalSection
	GlobalSection(SolutionProperties) = preSolution
		HideSolutionNode = FALSE
	EndGlobalSection
	GlobalSection(ExtensibilityGlobals) = postSolution
		SolutionGuid = {82DAD208-1982-4F8C-950D-3D95075D300E}
	EndGlobalSection
EndGlobal
