
Microsoft Visual Studio Solution File, Format Version 12.00
# Visual Studio 15
VisualStudioVersion = 15.0.28010.2003
MinimumVisualStudioVersion = 10.0.40219.1
Project("{8BC9CEB8-8B4A-11D0-8D11-00A0C91BC942}") = "c++入门18（二叉树模板）", "c++入门18（二叉树模板）\c++入门18（二叉树模板）.vcxproj", "{F2C73845-43B6-4677-9CD9-543F2FBE2EA5}"
EndProject
Global
	GlobalSection(SolutionConfigurationPlatforms) = preSolution
		Debug|x64 = Debug|x64
		Debug|x86 = Debug|x86
		Release|x64 = Release|x64
		Release|x86 = Release|x86
	EndGlobalSection
	GlobalSection(ProjectConfigurationPlatforms) = postSolution
		{F2C73845-43B6-4677-9CD9-543F2FBE2EA5}.Debug|x64.ActiveCfg = Debug|x64
		{F2C73845-43B6-4677-9CD9-543F2FBE2EA5}.Debug|x64.Build.0 = Debug|x64
		{F2C73845-43B6-4677-9CD9-543F2FBE2EA5}.Debug|x86.ActiveCfg = Debug|Win32
		{F2C73845-43B6-4677-9CD9-543F2FBE2EA5}.Debug|x86.Build.0 = Debug|Win32
		{F2C73845-43B6-4677-9CD9-543F2FBE2EA5}.Release|x64.ActiveCfg = Release|x64
		{F2C73845-43B6-4677-9CD9-543F2FBE2EA5}.Release|x64.Build.0 = Release|x64
		{F2C73845-43B6-4677-9CD9-543F2FBE2EA5}.Release|x86.ActiveCfg = Release|Win32
		{F2C73845-43B6-4677-9CD9-543F2FBE2EA5}.Release|x86.Build.0 = Release|Win32
	EndGlobalSection
	GlobalSection(SolutionProperties) = preSolution
		HideSolutionNode = FALSE
	EndGlobalSection
	GlobalSection(ExtensibilityGlobals) = postSolution
		SolutionGuid = {AB53E4E2-9BC5-42B6-92A3-6A0141C28111}
	EndGlobalSection
EndGlobal
