
Microsoft Visual Studio Solution File, Format Version 12.00
# Visual Studio 15
VisualStudioVersion = 15.0.27703.2018
MinimumVisualStudioVersion = 10.0.40219.1
Project("{8BC9CEB8-8B4A-11D0-8D11-00A0C91BC942}") = "c++入门09（指针创建单链表及其功能的实现）", "c++入门09（指针创建单链表及其功能的实现）\c++入门09（指针创建单链表及其功能的实现）.vcxproj", "{117C9CEA-05F5-441B-8EA9-68A86D39C162}"
EndProject
Global
	GlobalSection(SolutionConfigurationPlatforms) = preSolution
		Debug|x64 = Debug|x64
		Debug|x86 = Debug|x86
		Release|x64 = Release|x64
		Release|x86 = Release|x86
	EndGlobalSection
	GlobalSection(ProjectConfigurationPlatforms) = postSolution
		{117C9CEA-05F5-441B-8EA9-68A86D39C162}.Debug|x64.ActiveCfg = Debug|x64
		{117C9CEA-05F5-441B-8EA9-68A86D39C162}.Debug|x64.Build.0 = Debug|x64
		{117C9CEA-05F5-441B-8EA9-68A86D39C162}.Debug|x86.ActiveCfg = Debug|Win32
		{117C9CEA-05F5-441B-8EA9-68A86D39C162}.Debug|x86.Build.0 = Debug|Win32
		{117C9CEA-05F5-441B-8EA9-68A86D39C162}.Release|x64.ActiveCfg = Release|x64
		{117C9CEA-05F5-441B-8EA9-68A86D39C162}.Release|x64.Build.0 = Release|x64
		{117C9CEA-05F5-441B-8EA9-68A86D39C162}.Release|x86.ActiveCfg = Release|Win32
		{117C9CEA-05F5-441B-8EA9-68A86D39C162}.Release|x86.Build.0 = Release|Win32
	EndGlobalSection
	GlobalSection(SolutionProperties) = preSolution
		HideSolutionNode = FALSE
	EndGlobalSection
	GlobalSection(ExtensibilityGlobals) = postSolution
		SolutionGuid = {C8886FEE-0465-4553-BE68-FC5E36D23558}
	EndGlobalSection
EndGlobal
